
Microsoft Visual Studio Solution File, Format Version 12.00
# Visual Studio Version 16
VisualStudioVersion = 16.0.28729.10
MinimumVisualStudioVersion = 10.0.40219.1
Project("{FAE04EC0-301F-11D3-BF4B-00C04F79EFBC}") = "CardioClinic", "CardioClinic.csproj", "{2AB5219A-85E9-44C8-BB6B-80D32939DFD1}"
EndProject
Global
	GlobalSection(SolutionConfigurationPlatforms) = preSolution
		Debug|Any CPU = Debug|Any CPU
		Release|Any CPU = Release|Any CPU
	EndGlobalSection
	GlobalSection(ProjectConfigurationPlatforms) = postSolution
		{2AB5219A-85E9-44C8-BB6B-80D32939DFD1}.Debug|Any CPU.ActiveCfg = Debug|Any CPU
		{2AB5219A-85E9-44C8-BB6B-80D32939DFD1}.Debug|Any CPU.Build.0 = Debug|Any CPU
		{2AB5219A-85E9-44C8-BB6B-80D32939DFD1}.Release|Any CPU.ActiveCfg = Release|Any CPU
		{2AB5219A-85E9-44C8-BB6B-80D32939DFD1}.Release|Any CPU.Build.0 = Release|Any CPU
	EndGlobalSection
	GlobalSection(SolutionProperties) = preSolution
		HideSolutionNode = FALSE
	EndGlobalSection
	GlobalSection(ExtensibilityGlobals) = postSolution
		SolutionGuid = {5B74C5E5-B7B8-4514-B0D4-AACF8B4AE6A1}
	EndGlobalSection
EndGlobal
