
Microsoft Visual Studio Solution File, Format Version 12.00
# Visual Studio Version 16
VisualStudioVersion = 16.0.28729.10
MinimumVisualStudioVersion = 10.0.40219.1
Project("{FAE04EC0-301F-11D3-BF4B-00C04F79EFBC}") = "Geometry", "Geometry.csproj", "{826F727B-04D1-433C-8C2D-051F34EC9EB4}"
EndProject
Global
	GlobalSection(SolutionConfigurationPlatforms) = preSolution
		Debug|Any CPU = Debug|Any CPU
		Release|Any CPU = Release|Any CPU
	EndGlobalSection
	GlobalSection(ProjectConfigurationPlatforms) = postSolution
		{826F727B-04D1-433C-8C2D-051F34EC9EB4}.Debug|Any CPU.ActiveCfg = Debug|Any CPU
		{826F727B-04D1-433C-8C2D-051F34EC9EB4}.Debug|Any CPU.Build.0 = Debug|Any CPU
		{826F727B-04D1-433C-8C2D-051F34EC9EB4}.Release|Any CPU.ActiveCfg = Release|Any CPU
		{826F727B-04D1-433C-8C2D-051F34EC9EB4}.Release|Any CPU.Build.0 = Release|Any CPU
	EndGlobalSection
	GlobalSection(SolutionProperties) = preSolution
		HideSolutionNode = FALSE
	EndGlobalSection
	GlobalSection(ExtensibilityGlobals) = postSolution
		SolutionGuid = {90DC4936-C4CA-4FD3-BA5D-65B910856504}
	EndGlobalSection
EndGlobal
